
Microsoft Visual Studio Solution File, Format Version 12.00
# Visual Studio 15
VisualStudioVersion = 15.0.28010.2016
MinimumVisualStudioVersion = 10.0.40219.1
Project("{2150E333-8FDC-42A3-9474-1A3956D46DE8}") = "src", "src", "{58CE3D37-380F-4DF7-A76B-EF1E82BC9EAA}"
EndProject
Project("{2150E333-8FDC-42A3-9474-1A3956D46DE8}") = "test", "test", "{526E6109-D716-4B96-854F-A99DDBC0F04E}"
EndProject
Project("{FAE04EC0-301F-11D3-BF4B-00C04F79EFBC}") = "HT.Interview.ChatBot.Common", "src\HT.Interview.ChatBot.Common\HT.Interview.ChatBot.Common.csproj", "{339FA022-B826-497E-9495-EBD154732EC5}"
EndProject
Project("{FAE04EC0-301F-11D3-BF4B-00C04F79EFBC}") = "HT.Interview.ChatBot.Data", "src\HT.Interview.ChatBot.Data\HT.Interview.ChatBot.Data.csproj", "{E11E029E-508B-4682-9E47-362FA25AD350}"
EndProject
Project("{FAE04EC0-301F-11D3-BF4B-00C04F79EFBC}") = "HT.Interview.ChatBot.Services", "src\HT.Interview.ChatBot.Services\HT.Interview.ChatBot.Services.csproj", "{711379B4-8A9C-438A-9EC5-3386680FB8BB}"
EndProject
Project("{FAE04EC0-301F-11D3-BF4B-00C04F79EFBC}") = "HT.Interview.ChatBot.Resources", "src\HT.Interview.ChatBot.Resources\HT.Interview.ChatBot.Resources.csproj", "{4332559C-9F33-433A-AD77-09610CFB43F7}"
EndProject
Project("{FAE04EC0-301F-11D3-BF4B-00C04F79EFBC}") = "HT.Interview.ChatBot.API.Proxies", "src\HT.Interview.ChatBot.API.Proxies\HT.Interview.ChatBot.API.Proxies.csproj", "{140FE5D9-FA1C-4A55-99F1-3B664CF61294}"
EndProject
Project("{FAE04EC0-301F-11D3-BF4B-00C04F79EFBC}") = "HT.Interview.ChatBot.API", "src\HT.Interview.ChatBot.API\HT.Interview.ChatBot.API.csproj", "{DAFF490C-F97C-4C1E-9463-5B782155D899}"
EndProject
Project("{2150E333-8FDC-42A3-9474-1A3956D46DE8}") = "API", "API", "{79AAAA47-6393-4C02-8D89-E2202929A6EE}"
EndProject
Project("{2150E333-8FDC-42A3-9474-1A3956D46DE8}") = "Web", "Web", "{286CDF02-5CBC-4354-8923-615C1E4770A0}"
EndProject
Project("{FAE04EC0-301F-11D3-BF4B-00C04F79EFBC}") = "HT.Interview.ChatBot.Web", "src\HT.Interview.ChatBot.Web\HT.Interview.ChatBot.Web.csproj", "{BA72D509-9D44-46C2-ACFA-3C38306C02A6}"
EndProject
Global
	GlobalSection(SolutionConfigurationPlatforms) = preSolution
		Debug|Any CPU = Debug|Any CPU
		Release|Any CPU = Release|Any CPU
	EndGlobalSection
	GlobalSection(ProjectConfigurationPlatforms) = postSolution
		{339FA022-B826-497E-9495-EBD154732EC5}.Debug|Any CPU.ActiveCfg = Debug|Any CPU
		{339FA022-B826-497E-9495-EBD154732EC5}.Debug|Any CPU.Build.0 = Debug|Any CPU
		{339FA022-B826-497E-9495-EBD154732EC5}.Release|Any CPU.ActiveCfg = Release|Any CPU
		{339FA022-B826-497E-9495-EBD154732EC5}.Release|Any CPU.Build.0 = Release|Any CPU
		{E11E029E-508B-4682-9E47-362FA25AD350}.Debug|Any CPU.ActiveCfg = Debug|Any CPU
		{E11E029E-508B-4682-9E47-362FA25AD350}.Debug|Any CPU.Build.0 = Debug|Any CPU
		{E11E029E-508B-4682-9E47-362FA25AD350}.Release|Any CPU.ActiveCfg = Release|Any CPU
		{E11E029E-508B-4682-9E47-362FA25AD350}.Release|Any CPU.Build.0 = Release|Any CPU
		{711379B4-8A9C-438A-9EC5-3386680FB8BB}.Debug|Any CPU.ActiveCfg = Debug|Any CPU
		{711379B4-8A9C-438A-9EC5-3386680FB8BB}.Debug|Any CPU.Build.0 = Debug|Any CPU
		{711379B4-8A9C-438A-9EC5-3386680FB8BB}.Release|Any CPU.ActiveCfg = Release|Any CPU
		{711379B4-8A9C-438A-9EC5-3386680FB8BB}.Release|Any CPU.Build.0 = Release|Any CPU
		{4332559C-9F33-433A-AD77-09610CFB43F7}.Debug|Any CPU.ActiveCfg = Debug|Any CPU
		{4332559C-9F33-433A-AD77-09610CFB43F7}.Debug|Any CPU.Build.0 = Debug|Any CPU
		{4332559C-9F33-433A-AD77-09610CFB43F7}.Release|Any CPU.ActiveCfg = Release|Any CPU
		{4332559C-9F33-433A-AD77-09610CFB43F7}.Release|Any CPU.Build.0 = Release|Any CPU
		{140FE5D9-FA1C-4A55-99F1-3B664CF61294}.Debug|Any CPU.ActiveCfg = Debug|Any CPU
		{140FE5D9-FA1C-4A55-99F1-3B664CF61294}.Debug|Any CPU.Build.0 = Debug|Any CPU
		{140FE5D9-FA1C-4A55-99F1-3B664CF61294}.Release|Any CPU.ActiveCfg = Release|Any CPU
		{140FE5D9-FA1C-4A55-99F1-3B664CF61294}.Release|Any CPU.Build.0 = Release|Any CPU
		{DAFF490C-F97C-4C1E-9463-5B782155D899}.Debug|Any CPU.ActiveCfg = Debug|Any CPU
		{DAFF490C-F97C-4C1E-9463-5B782155D899}.Debug|Any CPU.Build.0 = Debug|Any CPU
		{DAFF490C-F97C-4C1E-9463-5B782155D899}.Release|Any CPU.ActiveCfg = Release|Any CPU
		{DAFF490C-F97C-4C1E-9463-5B782155D899}.Release|Any CPU.Build.0 = Release|Any CPU
		{BA72D509-9D44-46C2-ACFA-3C38306C02A6}.Debug|Any CPU.ActiveCfg = Debug|Any CPU
		{BA72D509-9D44-46C2-ACFA-3C38306C02A6}.Debug|Any CPU.Build.0 = Debug|Any CPU
		{BA72D509-9D44-46C2-ACFA-3C38306C02A6}.Release|Any CPU.ActiveCfg = Release|Any CPU
		{BA72D509-9D44-46C2-ACFA-3C38306C02A6}.Release|Any CPU.Build.0 = Release|Any CPU
	EndGlobalSection
	GlobalSection(SolutionProperties) = preSolution
		HideSolutionNode = FALSE
	EndGlobalSection
	GlobalSection(NestedProjects) = preSolution
		{339FA022-B826-497E-9495-EBD154732EC5} = {79AAAA47-6393-4C02-8D89-E2202929A6EE}
		{E11E029E-508B-4682-9E47-362FA25AD350} = {79AAAA47-6393-4C02-8D89-E2202929A6EE}
		{711379B4-8A9C-438A-9EC5-3386680FB8BB} = {79AAAA47-6393-4C02-8D89-E2202929A6EE}
		{4332559C-9F33-433A-AD77-09610CFB43F7} = {79AAAA47-6393-4C02-8D89-E2202929A6EE}
		{140FE5D9-FA1C-4A55-99F1-3B664CF61294} = {79AAAA47-6393-4C02-8D89-E2202929A6EE}
		{DAFF490C-F97C-4C1E-9463-5B782155D899} = {79AAAA47-6393-4C02-8D89-E2202929A6EE}
		{79AAAA47-6393-4C02-8D89-E2202929A6EE} = {58CE3D37-380F-4DF7-A76B-EF1E82BC9EAA}
		{286CDF02-5CBC-4354-8923-615C1E4770A0} = {58CE3D37-380F-4DF7-A76B-EF1E82BC9EAA}
		{BA72D509-9D44-46C2-ACFA-3C38306C02A6} = {286CDF02-5CBC-4354-8923-615C1E4770A0}
	EndGlobalSection
	GlobalSection(ExtensibilityGlobals) = postSolution
		SolutionGuid = {E7B3E883-FB1E-4EEB-BD54-B171B5C403F5}
	EndGlobalSection
EndGlobal
